
Microsoft Visual Studio Solution File, Format Version 12.00
# Visual Studio Version 17
VisualStudioVersion = 17.14.36212.18 d17.14
MinimumVisualStudioVersion = 10.0.40219.1
Project("{FAE04EC0-301F-11D3-BF4B-00C04F79EFBC}") = "CozyComfort.BlazorApp", "CozyComfort.BlazorApp\CozyComfort.BlazorApp.csproj", "{3C397FB8-88DC-46F8-8839-003C4303EF82}"
EndProject
Project("{FAE04EC0-301F-11D3-BF4B-00C04F79EFBC}") = "CozyComfort.Manufacturer.API", "CozyComfort.Manufacturer.API\CozyComfort.Manufacturer.API.csproj", "{F8E4369A-D106-4AB5-B577-6290757A3766}"
EndProject
Project("{FAE04EC0-301F-11D3-BF4B-00C04F79EFBC}") = "CozyComfort.Distributor.API", "CozyComfort.Distributor.API\CozyComfort.Distributor.API.csproj", "{C8EB9CEE-DF92-4FD3-A339-737083587B45}"
EndProject
Project("{FAE04EC0-301F-11D3-BF4B-00C04F79EFBC}") = "CozyComfort.Seller.API", "CozyComfort.Seller.API\CozyComfort.Seller.API.csproj", "{EB3567E7-A24E-4037-BD09-A89F833C6CE2}"
EndProject
Project("{FAE04EC0-301F-11D3-BF4B-00C04F79EFBC}") = "CozyComfort.Shared", "CozyComfort.Shared\CozyComfort.Shared.csproj", "{8DD3889B-3C1A-4497-B206-E4E9BE9123EB}"
EndProject
Project("{2150E333-8FDC-42A3-9474-1A3956D46DE8}") = "src", "src", "{02EA681E-C7D8-13C7-8484-4AC65E1B71E8}"
EndProject
Project("{2150E333-8FDC-42A3-9474-1A3956D46DE8}") = "APIs", "APIs", "{1AC699A1-3739-40FC-B80C-A6964D45574F}"
EndProject
Project("{2150E333-8FDC-42A3-9474-1A3956D46DE8}") = "Shared", "Shared", "{D1EF8F97-6127-4424-8949-72142DEF19D2}"
EndProject
Global
	GlobalSection(SolutionConfigurationPlatforms) = preSolution
		Debug|Any CPU = Debug|Any CPU
		Release|Any CPU = Release|Any CPU
	EndGlobalSection
	GlobalSection(ProjectConfigurationPlatforms) = postSolution
		{3C397FB8-88DC-46F8-8839-003C4303EF82}.Debug|Any CPU.ActiveCfg = Debug|Any CPU
		{3C397FB8-88DC-46F8-8839-003C4303EF82}.Debug|Any CPU.Build.0 = Debug|Any CPU
		{3C397FB8-88DC-46F8-8839-003C4303EF82}.Release|Any CPU.ActiveCfg = Release|Any CPU
		{3C397FB8-88DC-46F8-8839-003C4303EF82}.Release|Any CPU.Build.0 = Release|Any CPU
		{F8E4369A-D106-4AB5-B577-6290757A3766}.Debug|Any CPU.ActiveCfg = Debug|Any CPU
		{F8E4369A-D106-4AB5-B577-6290757A3766}.Debug|Any CPU.Build.0 = Debug|Any CPU
		{F8E4369A-D106-4AB5-B577-6290757A3766}.Release|Any CPU.ActiveCfg = Release|Any CPU
		{F8E4369A-D106-4AB5-B577-6290757A3766}.Release|Any CPU.Build.0 = Release|Any CPU
		{C8EB9CEE-DF92-4FD3-A339-737083587B45}.Debug|Any CPU.ActiveCfg = Debug|Any CPU
		{C8EB9CEE-DF92-4FD3-A339-737083587B45}.Debug|Any CPU.Build.0 = Debug|Any CPU
		{C8EB9CEE-DF92-4FD3-A339-737083587B45}.Release|Any CPU.ActiveCfg = Release|Any CPU
		{C8EB9CEE-DF92-4FD3-A339-737083587B45}.Release|Any CPU.Build.0 = Release|Any CPU
		{EB3567E7-A24E-4037-BD09-A89F833C6CE2}.Debug|Any CPU.ActiveCfg = Debug|Any CPU
		{EB3567E7-A24E-4037-BD09-A89F833C6CE2}.Debug|Any CPU.Build.0 = Debug|Any CPU
		{EB3567E7-A24E-4037-BD09-A89F833C6CE2}.Release|Any CPU.ActiveCfg = Release|Any CPU
		{EB3567E7-A24E-4037-BD09-A89F833C6CE2}.Release|Any CPU.Build.0 = Release|Any CPU
		{8DD3889B-3C1A-4497-B206-E4E9BE9123EB}.Debug|Any CPU.ActiveCfg = Debug|Any CPU
		{8DD3889B-3C1A-4497-B206-E4E9BE9123EB}.Debug|Any CPU.Build.0 = Debug|Any CPU
		{8DD3889B-3C1A-4497-B206-E4E9BE9123EB}.Release|Any CPU.ActiveCfg = Release|Any CPU
		{8DD3889B-3C1A-4497-B206-E4E9BE9123EB}.Release|Any CPU.Build.0 = Release|Any CPU
	EndGlobalSection
	GlobalSection(SolutionProperties) = preSolution
		HideSolutionNode = FALSE
	EndGlobalSection
	GlobalSection(NestedProjects) = preSolution
		{3C397FB8-88DC-46F8-8839-003C4303EF82} = {02EA681E-C7D8-13C7-8484-4AC65E1B71E8}
		{F8E4369A-D106-4AB5-B577-6290757A3766} = {1AC699A1-3739-40FC-B80C-A6964D45574F}
		{C8EB9CEE-DF92-4FD3-A339-737083587B45} = {1AC699A1-3739-40FC-B80C-A6964D45574F}
		{EB3567E7-A24E-4037-BD09-A89F833C6CE2} = {1AC699A1-3739-40FC-B80C-A6964D45574F}
		{8DD3889B-3C1A-4497-B206-E4E9BE9123EB} = {D1EF8F97-6127-4424-8949-72142DEF19D2}
		{1AC699A1-3739-40FC-B80C-A6964D45574F} = {02EA681E-C7D8-13C7-8484-4AC65E1B71E8}
		{D1EF8F97-6127-4424-8949-72142DEF19D2} = {02EA681E-C7D8-13C7-8484-4AC65E1B71E8}
	EndGlobalSection
	GlobalSection(ExtensibilityGlobals) = postSolution
		SolutionGuid = {93196446-79F3-4E13-B21F-446305F85D37}
	EndGlobalSection
EndGlobal
